
Microsoft Visual Studio Solution File, Format Version 12.00
# Visual Studio 14
VisualStudioVersion = 14.0.25420.1
MinimumVisualStudioVersion = 10.0.40219.1
Project("{FAE04EC0-301F-11D3-BF4B-00C04F79EFBC}") = "CustomerDistanceChecker", "CustomerDistanceChecker\CustomerDistanceChecker.csproj", "{322F818A-C518-4A96-BF59-762D13A4E766}"
EndProject
Project("{FAE04EC0-301F-11D3-BF4B-00C04F79EFBC}") = "CustomerDistanceCheckerTests", "CustomerDistanceCheckerTests\CustomerDistanceCheckerTests.csproj", "{510767C7-488A-43F7-92F0-381AF06E9C8B}"
EndProject
Global
	GlobalSection(SolutionConfigurationPlatforms) = preSolution
		Debug|Any CPU = Debug|Any CPU
		Release|Any CPU = Release|Any CPU
	EndGlobalSection
	GlobalSection(ProjectConfigurationPlatforms) = postSolution
		{322F818A-C518-4A96-BF59-762D13A4E766}.Debug|Any CPU.ActiveCfg = Debug|Any CPU
		{322F818A-C518-4A96-BF59-762D13A4E766}.Debug|Any CPU.Build.0 = Debug|Any CPU
		{322F818A-C518-4A96-BF59-762D13A4E766}.Release|Any CPU.ActiveCfg = Release|Any CPU
		{322F818A-C518-4A96-BF59-762D13A4E766}.Release|Any CPU.Build.0 = Release|Any CPU
		{510767C7-488A-43F7-92F0-381AF06E9C8B}.Debug|Any CPU.ActiveCfg = Debug|Any CPU
		{510767C7-488A-43F7-92F0-381AF06E9C8B}.Debug|Any CPU.Build.0 = Debug|Any CPU
		{510767C7-488A-43F7-92F0-381AF06E9C8B}.Release|Any CPU.ActiveCfg = Release|Any CPU
		{510767C7-488A-43F7-92F0-381AF06E9C8B}.Release|Any CPU.Build.0 = Release|Any CPU
	EndGlobalSection
	GlobalSection(SolutionProperties) = preSolution
		HideSolutionNode = FALSE
	EndGlobalSection
EndGlobal
